
Microsoft Visual Studio Solution File, Format Version 12.00
# Visual Studio Version 16
VisualStudioVersion = 16.0.29920.165
MinimumVisualStudioVersion = 10.0.40219.1
Project("{FAE04EC0-301F-11D3-BF4B-00C04F79EFBC}") = "DCSF18ALE47Programmer", "DCSF18ALE47Programmer\DCSF18ALE47Programmer.csproj", "{FA5FAA4E-611E-44D9-AD56-3B3A210AE649}"
EndProject
Global
	GlobalSection(SolutionConfigurationPlatforms) = preSolution
		Debug|Any CPU = Debug|Any CPU
		Release|Any CPU = Release|Any CPU
	EndGlobalSection
	GlobalSection(ProjectConfigurationPlatforms) = postSolution
		{FA5FAA4E-611E-44D9-AD56-3B3A210AE649}.Debug|Any CPU.ActiveCfg = Debug|Any CPU
		{FA5FAA4E-611E-44D9-AD56-3B3A210AE649}.Debug|Any CPU.Build.0 = Debug|Any CPU
		{FA5FAA4E-611E-44D9-AD56-3B3A210AE649}.Release|Any CPU.ActiveCfg = Release|Any CPU
		{FA5FAA4E-611E-44D9-AD56-3B3A210AE649}.Release|Any CPU.Build.0 = Release|Any CPU
	EndGlobalSection
	GlobalSection(SolutionProperties) = preSolution
		HideSolutionNode = FALSE
	EndGlobalSection
	GlobalSection(ExtensibilityGlobals) = postSolution
		SolutionGuid = {4DD2E768-BE85-4062-80B8-C648214DC982}
	EndGlobalSection
EndGlobal
